// !$*UTF8*$!
{
	archiveVersion = 1;
	classes = {
	};
	objectVersion = 56;
	objects = {

/* Begin PBXBuildFile section */
		CE0CF0B42BF4568D006FB4C0 /* TipStore.swift in Sources */ = {isa = PBXBuildFile; fileRef = CE0CF0B32BF454E1006FB4C0 /* TipStore.swift */; };
		CE0CF0B52BF45693006FB4C0 /* MyProductsIdentifiers.swift in Sources */ = {isa = PBXBuildFile; fileRef = CE0CF0B12BF4549E006FB4C0 /* MyProductsIdentifiers.swift */; };
		CE102D032BED4DFF006795BD /* AddEditMealView.swift in Sources */ = {isa = PBXBuildFile; fileRef = CE102D022BED4DFF006795BD /* AddEditMealView.swift */; };
		CEADF6C22BEE59BC006277D8 /* PhotoPickerView.swift in Sources */ = {isa = PBXBuildFile; fileRef = CEADF6C12BEE59BC006277D8 /* PhotoPickerView.swift */; };
		CEADF6C42BEFE403006277D8 /* TabbarView.swift in Sources */ = {isa = PBXBuildFile; fileRef = CEADF6C32BEFE403006277D8 /* TabbarView.swift */; };
		CEADF6C62BEFE461006277D8 /* MealView.swift in Sources */ = {isa = PBXBuildFile; fileRef = CEADF6C52BEFE461006277D8 /* MealView.swift */; };
		CEADF6C82BEFE5BD006277D8 /* TipView.swift in Sources */ = {isa = PBXBuildFile; fileRef = CEADF6C72BEFE5BD006277D8 /* TipView.swift */; };
		CEADF6CA2BEFEA1E006277D8 /* MealCardView.swift in Sources */ = {isa = PBXBuildFile; fileRef = CEADF6C92BEFEA1E006277D8 /* MealCardView.swift */; };
		CEB7E8C92BE83F7000AADAD5 /* GoMealPrepApp.swift in Sources */ = {isa = PBXBuildFile; fileRef = CEB7E8C82BE83F7000AADAD5 /* GoMealPrepApp.swift */; };
		CEB7E8CF2BE83F7400AADAD5 /* Assets.xcassets in Resources */ = {isa = PBXBuildFile; fileRef = CEB7E8CE2BE83F7400AADAD5 /* Assets.xcassets */; };
		CEB7E8D22BE83F7400AADAD5 /* Preview Assets.xcassets in Resources */ = {isa = PBXBuildFile; fileRef = CEB7E8D12BE83F7400AADAD5 /* Preview Assets.xcassets */; };
		CEB7E8D92BEBAA4300AADAD5 /* OrganizeView.swift in Sources */ = {isa = PBXBuildFile; fileRef = CEB7E8D82BEBAA4300AADAD5 /* OrganizeView.swift */; };
		CEB7E8DB2BEBB22100AADAD5 /* Meal.swift in Sources */ = {isa = PBXBuildFile; fileRef = CEB7E8DA2BEBB22100AADAD5 /* Meal.swift */; };
		CEB7E8DD2BEBB3E700AADAD5 /* OrganizeCardCellView.swift in Sources */ = {isa = PBXBuildFile; fileRef = CEB7E8DC2BEBB3E700AADAD5 /* OrganizeCardCellView.swift */; };
		CEB7E8DF2BEBB78700AADAD5 /* QuantityView.swift in Sources */ = {isa = PBXBuildFile; fileRef = CEB7E8DE2BEBB78700AADAD5 /* QuantityView.swift */; };
		CEE9461F2BFE24960064F45F /* StoreKit.framework in Frameworks */ = {isa = PBXBuildFile; fileRef = CE0CF0AD2BF44FD0006FB4C0 /* StoreKit.framework */; };
/* End PBXBuildFile section */

/* Begin PBXFileReference section */
		CE0CF0AD2BF44FD0006FB4C0 /* StoreKit.framework */ = {isa = PBXFileReference; lastKnownFileType = wrapper.framework; name = StoreKit.framework; path = System/Library/Frameworks/StoreKit.framework; sourceTree = SDKROOT; };
		CE0CF0AF2BF45039006FB4C0 /* MyTipsStoreKitConfiguration.storekit */ = {isa = PBXFileReference; lastKnownFileType = text; path = MyTipsStoreKitConfiguration.storekit; sourceTree = "<group>"; };
		CE0CF0B12BF4549E006FB4C0 /* MyProductsIdentifiers.swift */ = {isa = PBXFileReference; lastKnownFileType = sourcecode.swift; path = MyProductsIdentifiers.swift; sourceTree = "<group>"; };
		CE0CF0B32BF454E1006FB4C0 /* TipStore.swift */ = {isa = PBXFileReference; lastKnownFileType = sourcecode.swift; path = TipStore.swift; sourceTree = "<group>"; };
		CE102D022BED4DFF006795BD /* AddEditMealView.swift */ = {isa = PBXFileReference; lastKnownFileType = sourcecode.swift; path = AddEditMealView.swift; sourceTree = "<group>"; };
		CEADF6C12BEE59BC006277D8 /* PhotoPickerView.swift */ = {isa = PBXFileReference; lastKnownFileType = sourcecode.swift; path = PhotoPickerView.swift; sourceTree = "<group>"; };
		CEADF6C32BEFE403006277D8 /* TabbarView.swift */ = {isa = PBXFileReference; lastKnownFileType = sourcecode.swift; path = TabbarView.swift; sourceTree = "<group>"; };
		CEADF6C52BEFE461006277D8 /* MealView.swift */ = {isa = PBXFileReference; lastKnownFileType = sourcecode.swift; path = MealView.swift; sourceTree = "<group>"; };
		CEADF6C72BEFE5BD006277D8 /* TipView.swift */ = {isa = PBXFileReference; lastKnownFileType = sourcecode.swift; path = TipView.swift; sourceTree = "<group>"; };
		CEADF6C92BEFEA1E006277D8 /* MealCardView.swift */ = {isa = PBXFileReference; lastKnownFileType = sourcecode.swift; path = MealCardView.swift; sourceTree = "<group>"; };
		CEB7E8C52BE83F7000AADAD5 /* GoMealPrep.app */ = {isa = PBXFileReference; explicitFileType = wrapper.application; includeInIndex = 0; path = GoMealPrep.app; sourceTree = BUILT_PRODUCTS_DIR; };
		CEB7E8C82BE83F7000AADAD5 /* GoMealPrepApp.swift */ = {isa = PBXFileReference; lastKnownFileType = sourcecode.swift; path = GoMealPrepApp.swift; sourceTree = "<group>"; };
		CEB7E8CE2BE83F7400AADAD5 /* Assets.xcassets */ = {isa = PBXFileReference; lastKnownFileType = folder.assetcatalog; path = Assets.xcassets; sourceTree = "<group>"; };
		CEB7E8D12BE83F7400AADAD5 /* Preview Assets.xcassets */ = {isa = PBXFileReference; lastKnownFileType = folder.assetcatalog; path = "Preview Assets.xcassets"; sourceTree = "<group>"; };
		CEB7E8D82BEBAA4300AADAD5 /* OrganizeView.swift */ = {isa = PBXFileReference; lastKnownFileType = sourcecode.swift; path = OrganizeView.swift; sourceTree = "<group>"; };
		CEB7E8DA2BEBB22100AADAD5 /* Meal.swift */ = {isa = PBXFileReference; lastKnownFileType = sourcecode.swift; path = Meal.swift; sourceTree = "<group>"; };
		CEB7E8DC2BEBB3E700AADAD5 /* OrganizeCardCellView.swift */ = {isa = PBXFileReference; lastKnownFileType = sourcecode.swift; path = OrganizeCardCellView.swift; sourceTree = "<group>"; };
		CEB7E8DE2BEBB78700AADAD5 /* QuantityView.swift */ = {isa = PBXFileReference; lastKnownFileType = sourcecode.swift; path = QuantityView.swift; sourceTree = "<group>"; };
/* End PBXFileReference section */

/* Begin PBXFrameworksBuildPhase section */
		CEB7E8C22BE83F7000AADAD5 /* Frameworks */ = {
			isa = PBXFrameworksBuildPhase;
			buildActionMask = 2147483647;
			files = (
				CEE9461F2BFE24960064F45F /* StoreKit.framework in Frameworks */,
			);
			runOnlyForDeploymentPostprocessing = 0;
		};
/* End PBXFrameworksBuildPhase section */

/* Begin PBXGroup section */
		CE0CF0AC2BF44FD0006FB4C0 /* Frameworks */ = {
			isa = PBXGroup;
			children = (
				CE0CF0AD2BF44FD0006FB4C0 /* StoreKit.framework */,
			);
			name = Frameworks;
			sourceTree = "<group>";
		};
		CE102CFE2BED34C8006795BD /* Components */ = {
			isa = PBXGroup;
			children = (
				CEB7E8DC2BEBB3E700AADAD5 /* OrganizeCardCellView.swift */,
				CEB7E8DE2BEBB78700AADAD5 /* QuantityView.swift */,
				CEADF6C12BEE59BC006277D8 /* PhotoPickerView.swift */,
				CEADF6C92BEFEA1E006277D8 /* MealCardView.swift */,
			);
			path = Components;
			sourceTree = "<group>";
		};
		CE102D012BED4CB9006795BD /* Model */ = {
			isa = PBXGroup;
			children = (
				CEB7E8DA2BEBB22100AADAD5 /* Meal.swift */,
			);
			path = Model;
			sourceTree = "<group>";
		};
		CEB7E8BC2BE83F7000AADAD5 = {
			isa = PBXGroup;
			children = (
				CE0CF0AF2BF45039006FB4C0 /* MyTipsStoreKitConfiguration.storekit */,
				CEB7E8C72BE83F7000AADAD5 /* GoMealPrep */,
				CEB7E8C62BE83F7000AADAD5 /* Products */,
				CE0CF0AC2BF44FD0006FB4C0 /* Frameworks */,
			);
			sourceTree = "<group>";
		};
		CEB7E8C62BE83F7000AADAD5 /* Products */ = {
			isa = PBXGroup;
			children = (
				CEB7E8C52BE83F7000AADAD5 /* GoMealPrep.app */,
			);
			name = Products;
			sourceTree = "<group>";
		};
		CEB7E8C72BE83F7000AADAD5 /* GoMealPrep */ = {
			isa = PBXGroup;
			children = (
				CEE8249E2BF4FD6F00A51E73 /* Store */,
				CEB7E8C82BE83F7000AADAD5 /* GoMealPrepApp.swift */,
				CEADF6C32BEFE403006277D8 /* TabbarView.swift */,
				CEB7E8D82BEBAA4300AADAD5 /* OrganizeView.swift */,
				CEADF6C52BEFE461006277D8 /* MealView.swift */,
				CEADF6C72BEFE5BD006277D8 /* TipView.swift */,
				CE102D022BED4DFF006795BD /* AddEditMealView.swift */,
				CE102CFE2BED34C8006795BD /* Components */,
				CE102D012BED4CB9006795BD /* Model */,
				CEB7E8CE2BE83F7400AADAD5 /* Assets.xcassets */,
				CEB7E8D02BE83F7400AADAD5 /* Preview Content */,
			);
			path = GoMealPrep;
			sourceTree = "<group>";
		};
		CEB7E8D02BE83F7400AADAD5 /* Preview Content */ = {
			isa = PBXGroup;
			children = (
				CEB7E8D12BE83F7400AADAD5 /* Preview Assets.xcassets */,
			);
			path = "Preview Content";
			sourceTree = "<group>";
		};
		CEE8249E2BF4FD6F00A51E73 /* Store */ = {
			isa = PBXGroup;
			children = (
				CE0CF0B32BF454E1006FB4C0 /* TipStore.swift */,
				CE0CF0B12BF4549E006FB4C0 /* MyProductsIdentifiers.swift */,
			);
			path = Store;
			sourceTree = "<group>";
		};
/* End PBXGroup section */

/* Begin PBXNativeTarget section */
		CEB7E8C42BE83F7000AADAD5 /* GoMealPrep */ = {
			isa = PBXNativeTarget;
			buildConfigurationList = CEB7E8D52BE83F7400AADAD5 /* Build configuration list for PBXNativeTarget "GoMealPrep" */;
			buildPhases = (
				CEB7E8C12BE83F7000AADAD5 /* Sources */,
				CEB7E8C22BE83F7000AADAD5 /* Frameworks */,
				CEB7E8C32BE83F7000AADAD5 /* Resources */,
				CE21017C2BF3CC7400C52068 /* ShellScript */,
			);
			buildRules = (
			);
			dependencies = (
				CE21017A2BF3C79500C52068 /* PBXTargetDependency */,
			);
			name = GoMealPrep;
			productName = GoMealPrep;
			productReference = CEB7E8C52BE83F7000AADAD5 /* GoMealPrep.app */;
			productType = "com.apple.product-type.application";
		};
/* End PBXNativeTarget section */

/* Begin PBXProject section */
		CEB7E8BD2BE83F7000AADAD5 /* Project object */ = {
			isa = PBXProject;
			attributes = {
				BuildIndependentTargetsInParallel = 1;
				LastSwiftUpdateCheck = 1530;
				LastUpgradeCheck = 1530;
				TargetAttributes = {
					CEB7E8C42BE83F7000AADAD5 = {
						CreatedOnToolsVersion = 15.3;
					};
				};
			};
			buildConfigurationList = CEB7E8C02BE83F7000AADAD5 /* Build configuration list for PBXProject "GoMealPrep" */;
			compatibilityVersion = "Xcode 14.0";
			developmentRegion = "pt-BR";
			hasScannedForEncodings = 0;
			knownRegions = (
				en,
				Base,
				"pt-BR",
			);
			mainGroup = CEB7E8BC2BE83F7000AADAD5;
			packageReferences = (
				CE2101782BF3C78600C52068 /* XCRemoteSwiftPackageReference "swiftui-lint" */,
			);
			productRefGroup = CEB7E8C62BE83F7000AADAD5 /* Products */;
			projectDirPath = "";
			projectRoot = "";
			targets = (
				CEB7E8C42BE83F7000AADAD5 /* GoMealPrep */,
			);
		};
/* End PBXProject section */

/* Begin PBXResourcesBuildPhase section */
		CEB7E8C32BE83F7000AADAD5 /* Resources */ = {
			isa = PBXResourcesBuildPhase;
			buildActionMask = 2147483647;
			files = (
				CEB7E8D22BE83F7400AADAD5 /* Preview Assets.xcassets in Resources */,
				CEB7E8CF2BE83F7400AADAD5 /* Assets.xcassets in Resources */,
			);
			runOnlyForDeploymentPostprocessing = 0;
		};
/* End PBXResourcesBuildPhase section */

/* Begin PBXShellScriptBuildPhase section */
		CE21017C2BF3CC7400C52068 /* ShellScript */ = {
			isa = PBXShellScriptBuildPhase;
			alwaysOutOfDate = 1;
			buildActionMask = 2147483647;
			files = (
			);
			inputFileListPaths = (
			);
			inputPaths = (
			);
			outputFileListPaths = (
			);
			outputPaths = (
			);
			runOnlyForDeploymentPostprocessing = 0;
			shellPath = /bin/sh;
			shellScript = "if [[ \"$(uname -m)\" == arm64 ]]; then\n    export PATH=\"/opt/homebrew/bin:$PATH\"\nfi\n\nif which swiftlint > /dev/null; then\n  swiftlint\nelse\n  echo \"warning: SwiftLint not installed, download from https://github.com/realm/SwiftLint\"\nfi\n";
		};
/* End PBXShellScriptBuildPhase section */

/* Begin PBXSourcesBuildPhase section */
		CEB7E8C12BE83F7000AADAD5 /* Sources */ = {
			isa = PBXSourcesBuildPhase;
			buildActionMask = 2147483647;
			files = (
				CEADF6C42BEFE403006277D8 /* TabbarView.swift in Sources */,
				CEB7E8DB2BEBB22100AADAD5 /* Meal.swift in Sources */,
				CEADF6C82BEFE5BD006277D8 /* TipView.swift in Sources */,
				CEB7E8C92BE83F7000AADAD5 /* GoMealPrepApp.swift in Sources */,
				CEADF6C22BEE59BC006277D8 /* PhotoPickerView.swift in Sources */,
				CE0CF0B52BF45693006FB4C0 /* MyProductsIdentifiers.swift in Sources */,
				CE102D032BED4DFF006795BD /* AddEditMealView.swift in Sources */,
				CEB7E8DF2BEBB78700AADAD5 /* QuantityView.swift in Sources */,
				CEB7E8D92BEBAA4300AADAD5 /* OrganizeView.swift in Sources */,
				CEADF6CA2BEFEA1E006277D8 /* MealCardView.swift in Sources */,
				CEB7E8DD2BEBB3E700AADAD5 /* OrganizeCardCellView.swift in Sources */,
				CEADF6C62BEFE461006277D8 /* MealView.swift in Sources */,
				CE0CF0B42BF4568D006FB4C0 /* TipStore.swift in Sources */,
			);
			runOnlyForDeploymentPostprocessing = 0;
		};
/* End PBXSourcesBuildPhase section */

/* Begin PBXTargetDependency section */
		CE21017A2BF3C79500C52068 /* PBXTargetDependency */ = {
			isa = PBXTargetDependency;
			productRef = CE2101792BF3C79500C52068 /* SwiftUILintPlugin */;
		};
/* End PBXTargetDependency section */

/* Begin XCBuildConfiguration section */
		CEB7E8D32BE83F7400AADAD5 /* Debug */ = {
			isa = XCBuildConfiguration;
			buildSettings = {
				ALWAYS_SEARCH_USER_PATHS = NO;
				ASSETCATALOG_COMPILER_GENERATE_SWIFT_ASSET_SYMBOL_EXTENSIONS = YES;
				CLANG_ANALYZER_NONNULL = YES;
				CLANG_ANALYZER_NUMBER_OBJECT_CONVERSION = YES_AGGRESSIVE;
				CLANG_CXX_LANGUAGE_STANDARD = "gnu++20";
				CLANG_ENABLE_MODULES = YES;
				CLANG_ENABLE_OBJC_ARC = YES;
				CLANG_ENABLE_OBJC_WEAK = YES;
				CLANG_WARN_BLOCK_CAPTURE_AUTORELEASING = YES;
				CLANG_WARN_BOOL_CONVERSION = YES;
				CLANG_WARN_COMMA = YES;
				CLANG_WARN_CONSTANT_CONVERSION = YES;
				CLANG_WARN_DEPRECATED_OBJC_IMPLEMENTATIONS = YES;
				CLANG_WARN_DIRECT_OBJC_ISA_USAGE = YES_ERROR;
				CLANG_WARN_DOCUMENTATION_COMMENTS = YES;
				CLANG_WARN_EMPTY_BODY = YES;
				CLANG_WARN_ENUM_CONVERSION = YES;
				CLANG_WARN_INFINITE_RECURSION = YES;
				CLANG_WARN_INT_CONVERSION = YES;
				CLANG_WARN_NON_LITERAL_NULL_CONVERSION = YES;
				CLANG_WARN_OBJC_IMPLICIT_RETAIN_SELF = YES;
				CLANG_WARN_OBJC_LITERAL_CONVERSION = YES;
				CLANG_WARN_OBJC_ROOT_CLASS = YES_ERROR;
				CLANG_WARN_QUOTED_INCLUDE_IN_FRAMEWORK_HEADER = YES;
				CLANG_WARN_RANGE_LOOP_ANALYSIS = YES;
				CLANG_WARN_STRICT_PROTOTYPES = YES;
				CLANG_WARN_SUSPICIOUS_MOVE = YES;
				CLANG_WARN_UNGUARDED_AVAILABILITY = YES_AGGRESSIVE;
				CLANG_WARN_UNREACHABLE_CODE = YES;
				CLANG_WARN__DUPLICATE_METHOD_MATCH = YES;
				COPY_PHASE_STRIP = NO;
				DEBUG_INFORMATION_FORMAT = "dwarf-with-dsym";
				ENABLE_STRICT_OBJC_MSGSEND = YES;
				ENABLE_TESTABILITY = YES;
				ENABLE_USER_SCRIPT_SANDBOXING = NO;
				GCC_C_LANGUAGE_STANDARD = gnu17;
				GCC_DYNAMIC_NO_PIC = NO;
				GCC_NO_COMMON_BLOCKS = YES;
				GCC_OPTIMIZATION_LEVEL = 0;
				GCC_PREPROCESSOR_DEFINITIONS = (
					"DEBUG=1",
					"$(inherited)",
				);
				GCC_WARN_64_TO_32_BIT_CONVERSION = YES;
				GCC_WARN_ABOUT_RETURN_TYPE = YES_ERROR;
				GCC_WARN_UNDECLARED_SELECTOR = YES;
				GCC_WARN_UNINITIALIZED_AUTOS = YES_AGGRESSIVE;
				GCC_WARN_UNUSED_FUNCTION = YES;
				GCC_WARN_UNUSED_VARIABLE = YES;
				IPHONEOS_DEPLOYMENT_TARGET = 17.4;
				LOCALIZATION_PREFERS_STRING_CATALOGS = YES;
				MTL_ENABLE_DEBUG_INFO = INCLUDE_SOURCE;
				MTL_FAST_MATH = YES;
				ONLY_ACTIVE_ARCH = YES;
				SDKROOT = iphoneos;
				SWIFT_ACTIVE_COMPILATION_CONDITIONS = "DEBUG $(inherited)";
				SWIFT_OPTIMIZATION_LEVEL = "-Onone";
			};
			name = Debug;
		};
		CEB7E8D42BE83F7400AADAD5 /* Release */ = {
			isa = XCBuildConfiguration;
			buildSettings = {
				ALWAYS_SEARCH_USER_PATHS = NO;
				ASSETCATALOG_COMPILER_GENERATE_SWIFT_ASSET_SYMBOL_EXTENSIONS = YES;
				CLANG_ANALYZER_NONNULL = YES;
				CLANG_ANALYZER_NUMBER_OBJECT_CONVERSION = YES_AGGRESSIVE;
				CLANG_CXX_LANGUAGE_STANDARD = "gnu++20";
				CLANG_ENABLE_MODULES = YES;
				CLANG_ENABLE_OBJC_ARC = YES;
				CLANG_ENABLE_OBJC_WEAK = YES;
				CLANG_WARN_BLOCK_CAPTURE_AUTORELEASING = YES;
				CLANG_WARN_BOOL_CONVERSION = YES;
				CLANG_WARN_COMMA = YES;
				CLANG_WARN_CONSTANT_CONVERSION = YES;
				CLANG_WARN_DEPRECATED_OBJC_IMPLEMENTATIONS = YES;
				CLANG_WARN_DIRECT_OBJC_ISA_USAGE = YES_ERROR;
				CLANG_WARN_DOCUMENTATION_COMMENTS = YES;
				CLANG_WARN_EMPTY_BODY = YES;
				CLANG_WARN_ENUM_CONVERSION = YES;
				CLANG_WARN_INFINITE_RECURSION = YES;
				CLANG_WARN_INT_CONVERSION = YES;
				CLANG_WARN_NON_LITERAL_NULL_CONVERSION = YES;
				CLANG_WARN_OBJC_IMPLICIT_RETAIN_SELF = YES;
				CLANG_WARN_OBJC_LITERAL_CONVERSION = YES;
				CLANG_WARN_OBJC_ROOT_CLASS = YES_ERROR;
				CLANG_WARN_QUOTED_INCLUDE_IN_FRAMEWORK_HEADER = YES;
				CLANG_WARN_RANGE_LOOP_ANALYSIS = YES;
				CLANG_WARN_STRICT_PROTOTYPES = YES;
				CLANG_WARN_SUSPICIOUS_MOVE = YES;
				CLANG_WARN_UNGUARDED_AVAILABILITY = YES_AGGRESSIVE;
				CLANG_WARN_UNREACHABLE_CODE = YES;
				CLANG_WARN__DUPLICATE_METHOD_MATCH = YES;
				COPY_PHASE_STRIP = NO;
				DEBUG_INFORMATION_FORMAT = "dwarf-with-dsym";
				ENABLE_NS_ASSERTIONS = NO;
				ENABLE_STRICT_OBJC_MSGSEND = YES;
				ENABLE_TESTABILITY = YES;
				ENABLE_USER_SCRIPT_SANDBOXING = NO;
				GCC_C_LANGUAGE_STANDARD = gnu17;
				GCC_NO_COMMON_BLOCKS = YES;
				GCC_WARN_64_TO_32_BIT_CONVERSION = YES;
				GCC_WARN_ABOUT_RETURN_TYPE = YES_ERROR;
				GCC_WARN_UNDECLARED_SELECTOR = YES;
				GCC_WARN_UNINITIALIZED_AUTOS = YES_AGGRESSIVE;
				GCC_WARN_UNUSED_FUNCTION = YES;
				GCC_WARN_UNUSED_VARIABLE = YES;
				IPHONEOS_DEPLOYMENT_TARGET = 17.4;
				LOCALIZATION_PREFERS_STRING_CATALOGS = YES;
				MTL_ENABLE_DEBUG_INFO = NO;
				MTL_FAST_MATH = YES;
				SDKROOT = iphoneos;
				SWIFT_COMPILATION_MODE = wholemodule;
				VALIDATE_PRODUCT = YES;
			};
			name = Release;
		};
		CEB7E8D62BE83F7400AADAD5 /* Debug */ = {
			isa = XCBuildConfiguration;
			buildSettings = {
				ASSETCATALOG_COMPILER_APPICON_NAME = AppIcon;
				ASSETCATALOG_COMPILER_GLOBAL_ACCENT_COLOR_NAME = AccentColor;
				CODE_SIGN_STYLE = Automatic;
				CURRENT_PROJECT_VERSION = 1.3;
				DEBUG_INFORMATION_FORMAT = "dwarf-with-dsym";
				DEVELOPMENT_ASSET_PATHS = "\"GoMealPrep/Preview Content\"";
				DEVELOPMENT_TEAM = DB9XDYKBL8;
				ENABLE_PREVIEWS = YES;
				GENERATE_INFOPLIST_FILE = YES;
				INFOPLIST_KEY_CFBundleDisplayName = MealMate;
				INFOPLIST_KEY_LSApplicationCategoryType = "public.app-category.food-and-drink";
				INFOPLIST_KEY_UIApplicationSceneManifest_Generation = YES;
				INFOPLIST_KEY_UIApplicationSupportsIndirectInputEvents = YES;
				INFOPLIST_KEY_UILaunchScreen_Generation = YES;
				INFOPLIST_KEY_UISupportedInterfaceOrientations_iPad = "UIInterfaceOrientationPortrait UIInterfaceOrientationPortraitUpsideDown UIInterfaceOrientationLandscapeLeft UIInterfaceOrientationLandscapeRight";
				INFOPLIST_KEY_UISupportedInterfaceOrientations_iPhone = "UIInterfaceOrientationPortrait UIInterfaceOrientationLandscapeLeft UIInterfaceOrientationLandscapeRight";
				LD_RUNPATH_SEARCH_PATHS = (
					"$(inherited)",
					"@executable_path/Frameworks",
				);
				MARKETING_VERSION = 1.0;
				PRODUCT_BUNDLE_IDENTIFIER = com.david.GoMealPrep;
				PRODUCT_NAME = "$(TARGET_NAME)";
				SWIFT_EMIT_LOC_STRINGS = YES;
				SWIFT_VERSION = 5.0;
				TARGETED_DEVICE_FAMILY = "1,2";
			};
			name = Debug;
		};
		CEB7E8D72BE83F7400AADAD5 /* Release */ = {
			isa = XCBuildConfiguration;
			buildSettings = {
				ASSETCATALOG_COMPILER_APPICON_NAME = AppIcon;
				ASSETCATALOG_COMPILER_GLOBAL_ACCENT_COLOR_NAME = AccentColor;
				CODE_SIGN_STYLE = Automatic;
				CURRENT_PROJECT_VERSION = 1.3;
				DEVELOPMENT_ASSET_PATHS = "\"GoMealPrep/Preview Content\"";
				DEVELOPMENT_TEAM = DB9XDYKBL8;
				ENABLE_PREVIEWS = YES;
				ENABLE_TESTABILITY = YES;
				GENERATE_INFOPLIST_FILE = YES;
				INFOPLIST_KEY_CFBundleDisplayName = MealMate;
				INFOPLIST_KEY_LSApplicationCategoryType = "public.app-category.food-and-drink";
				INFOPLIST_KEY_UIApplicationSceneManifest_Generation = YES;
				INFOPLIST_KEY_UIApplicationSupportsIndirectInputEvents = YES;
				INFOPLIST_KEY_UILaunchScreen_Generation = YES;
				INFOPLIST_KEY_UISupportedInterfaceOrientations_iPad = "UIInterfaceOrientationPortrait UIInterfaceOrientationPortraitUpsideDown UIInterfaceOrientationLandscapeLeft UIInterfaceOrientationLandscapeRight";
				INFOPLIST_KEY_UISupportedInterfaceOrientations_iPhone = "UIInterfaceOrientationPortrait UIInterfaceOrientationLandscapeLeft UIInterfaceOrientationLandscapeRight";
				LD_RUNPATH_SEARCH_PATHS = (
					"$(inherited)",
					"@executable_path/Frameworks",
				);
				MARKETING_VERSION = 1.0;
				PRODUCT_BUNDLE_IDENTIFIER = com.david.GoMealPrep;
				PRODUCT_NAME = "$(TARGET_NAME)";
				SWIFT_EMIT_LOC_STRINGS = YES;
				SWIFT_VERSION = 5.0;
				TARGETED_DEVICE_FAMILY = "1,2";
			};
			name = Release;
		};
/* End XCBuildConfiguration section */

/* Begin XCConfigurationList section */
		CEB7E8C02BE83F7000AADAD5 /* Build configuration list for PBXProject "GoMealPrep" */ = {
			isa = XCConfigurationList;
			buildConfigurations = (
				CEB7E8D32BE83F7400AADAD5 /* Debug */,
				CEB7E8D42BE83F7400AADAD5 /* Release */,
			);
			defaultConfigurationIsVisible = 0;
			defaultConfigurationName = Release;
		};
		CEB7E8D52BE83F7400AADAD5 /* Build configuration list for PBXNativeTarget "GoMealPrep" */ = {
			isa = XCConfigurationList;
			buildConfigurations = (
				CEB7E8D62BE83F7400AADAD5 /* Debug */,
				CEB7E8D72BE83F7400AADAD5 /* Release */,
			);
			defaultConfigurationIsVisible = 0;
			defaultConfigurationName = Release;
		};
/* End XCConfigurationList section */

/* Begin XCRemoteSwiftPackageReference section */
		CE2101782BF3C78600C52068 /* XCRemoteSwiftPackageReference "swiftui-lint" */ = {
			isa = XCRemoteSwiftPackageReference;
			repositoryURL = "https://github.com/mateusrodriguesxyz/swiftui-lint";
			requirement = {
				branch = beta;
				kind = branch;
			};
		};
/* End XCRemoteSwiftPackageReference section */

/* Begin XCSwiftPackageProductDependency section */
		CE2101792BF3C79500C52068 /* SwiftUILintPlugin */ = {
			isa = XCSwiftPackageProductDependency;
			package = CE2101782BF3C78600C52068 /* XCRemoteSwiftPackageReference "swiftui-lint" */;
			productName = "plugin:SwiftUILintPlugin";
		};
/* End XCSwiftPackageProductDependency section */
	};
	rootObject = CEB7E8BD2BE83F7000AADAD5 /* Project object */;
}
